
Microsoft Visual Studio Solution File, Format Version 12.00
# Visual Studio 15
VisualStudioVersion = 15.0.28307.1831
MinimumVisualStudioVersion = 10.0.40219.1
Project("{FAE04EC0-301F-11D3-BF4B-00C04F79EFBC}") = "WebviewTest", "WebviewTest\WebviewTest.csproj", "{7930A15F-90D7-4057-AD96-7F11002CE6DD}"
EndProject
Project("{FAE04EC0-301F-11D3-BF4B-00C04F79EFBC}") = "WebApplication1", "WebApplication1\WebApplication1.csproj", "{44A763D2-BE9C-4F43-B52E-D9708BCB3C06}"
EndProject
Project("{FAE04EC0-301F-11D3-BF4B-00C04F79EFBC}") = "WindowsFormsWebviewTest", "WindowsFormsWebviewTest\WindowsFormsWebviewTest.csproj", "{D3D3463D-5D70-4D60-9B8C-2992C8B63486}"
EndProject
Global
	GlobalSection(SolutionConfigurationPlatforms) = preSolution
		Debug|Any CPU = Debug|Any CPU
		Release|Any CPU = Release|Any CPU
	EndGlobalSection
	GlobalSection(ProjectConfigurationPlatforms) = postSolution
		{7930A15F-90D7-4057-AD96-7F11002CE6DD}.Debug|Any CPU.ActiveCfg = Debug|Any CPU
		{7930A15F-90D7-4057-AD96-7F11002CE6DD}.Debug|Any CPU.Build.0 = Debug|Any CPU
		{7930A15F-90D7-4057-AD96-7F11002CE6DD}.Release|Any CPU.ActiveCfg = Release|Any CPU
		{7930A15F-90D7-4057-AD96-7F11002CE6DD}.Release|Any CPU.Build.0 = Release|Any CPU
		{44A763D2-BE9C-4F43-B52E-D9708BCB3C06}.Debug|Any CPU.ActiveCfg = Debug|Any CPU
		{44A763D2-BE9C-4F43-B52E-D9708BCB3C06}.Debug|Any CPU.Build.0 = Debug|Any CPU
		{44A763D2-BE9C-4F43-B52E-D9708BCB3C06}.Release|Any CPU.ActiveCfg = Release|Any CPU
		{44A763D2-BE9C-4F43-B52E-D9708BCB3C06}.Release|Any CPU.Build.0 = Release|Any CPU
		{D3D3463D-5D70-4D60-9B8C-2992C8B63486}.Debug|Any CPU.ActiveCfg = Debug|Any CPU
		{D3D3463D-5D70-4D60-9B8C-2992C8B63486}.Debug|Any CPU.Build.0 = Debug|Any CPU
		{D3D3463D-5D70-4D60-9B8C-2992C8B63486}.Release|Any CPU.ActiveCfg = Release|Any CPU
		{D3D3463D-5D70-4D60-9B8C-2992C8B63486}.Release|Any CPU.Build.0 = Release|Any CPU
	EndGlobalSection
	GlobalSection(SolutionProperties) = preSolution
		HideSolutionNode = FALSE
	EndGlobalSection
	GlobalSection(ExtensibilityGlobals) = postSolution
		SolutionGuid = {A9200029-1E3E-47C1-AC9E-CE1D5DF95566}
	EndGlobalSection
EndGlobal
